
Microsoft Visual Studio Solution File, Format Version 12.00
# Visual Studio 14
VisualStudioVersion = 14.0.25123.0
MinimumVisualStudioVersion = 10.0.40219.1
Project("{FAE04EC0-301F-11D3-BF4B-00C04F79EFBC}") = "Day8Dictionary", "TestPlayground\Day8Dictionary.csproj", "{F535C355-ED1D-4431-82E1-46AF2F8799B5}"
EndProject
Project("{FAE04EC0-301F-11D3-BF4B-00C04F79EFBC}") = "Day9Recursion", "HackerRankDay8Recursion\Day9Recursion.csproj", "{C3950598-4CAA-4C1F-A730-E3401A794CEB}"
EndProject
Project("{FAE04EC0-301F-11D3-BF4B-00C04F79EFBC}") = "Day10Binary", "Day10Binary\Day10Binary.csproj", "{E4D6D144-4BFF-4BA5-825D-F3AF3F769BB2}"
EndProject
Project("{FAE04EC0-301F-11D3-BF4B-00C04F79EFBC}") = "Day11Arrays2D", "Arrays2D\Day11Arrays2D.csproj", "{C534DB7F-8D5C-449B-BFCB-E18E1B2F6447}"
EndProject
Project("{FAE04EC0-301F-11D3-BF4B-00C04F79EFBC}") = "Day12Inheritance", "Day12Inheritance\Day12Inheritance.csproj", "{8A0DF047-53B9-400D-9508-0E8F8E3656D7}"
EndProject
Project("{FAE04EC0-301F-11D3-BF4B-00C04F79EFBC}") = "Day13AbstractClasses", "Day13AbstractClasses\Day13AbstractClasses.csproj", "{2FD685F0-CD9D-43C5-BDF9-2B4C5B55A1E0}"
EndProject
Project("{FAE04EC0-301F-11D3-BF4B-00C04F79EFBC}") = "Day14Scope", "Day14Scope\Day14Scope.csproj", "{3F231D2A-68B2-4FBC-AB67-C4204CC8FFD9}"
EndProject
Project("{FAE04EC0-301F-11D3-BF4B-00C04F79EFBC}") = "Day15LinkedList", "Day15LinkedList\Day15LinkedList.csproj", "{7279CBD8-01C1-4886-B6FB-4D334065759A}"
EndProject
Project("{FAE04EC0-301F-11D3-BF4B-00C04F79EFBC}") = "Day17Exceptions", "Day17Exceptions\Day17Exceptions.csproj", "{BBB1FB5B-F071-48C2-AC4C-DDB44F82E69E}"
EndProject
Project("{FAE04EC0-301F-11D3-BF4B-00C04F79EFBC}") = "Day18Queues", "Day18Queues\Day18Queues.csproj", "{BD7F07CE-29A3-42D6-BE20-6404C6C4FB67}"
EndProject
Project("{FAE04EC0-301F-11D3-BF4B-00C04F79EFBC}") = "Day19Interfaces", "Day19Interfaces\Day19Interfaces.csproj", "{B2468373-ED99-4B1D-AC26-C96C6D0B4131}"
EndProject
Project("{FAE04EC0-301F-11D3-BF4B-00C04F79EFBC}") = "ContestBoatTrips", "ContestBoatTrips\ContestBoatTrips.csproj", "{1728901F-F660-4348-AA6B-F413E6EC73A9}"
EndProject
Project("{FAE04EC0-301F-11D3-BF4B-00C04F79EFBC}") = "Contest2XOR", "Contest2XOR\Contest2XOR.csproj", "{342C949D-8CC7-4A72-AC2F-F602DA02A4E6}"
EndProject
Project("{FAE04EC0-301F-11D3-BF4B-00C04F79EFBC}") = "Day20Sorting", "Day20Sorting\Day20Sorting.csproj", "{58EDA4CA-D95C-4167-BF99-4A2C6FADB099}"
EndProject
Project("{FAE04EC0-301F-11D3-BF4B-00C04F79EFBC}") = "ContestLucky8", "ContestLucky8\ContestLucky8.csproj", "{FD50995C-2AC5-4725-A1AC-8B78B605B84C}"
EndProject
Project("{FAE04EC0-301F-11D3-BF4B-00C04F79EFBC}") = "Day20Generics", "Day20Generics\Day20Generics.csproj", "{064B4E07-5E6C-4A92-B3B4-E47BA713528F}"
EndProject
Global
	GlobalSection(SolutionConfigurationPlatforms) = preSolution
		Debug|Any CPU = Debug|Any CPU
		Release|Any CPU = Release|Any CPU
	EndGlobalSection
	GlobalSection(ProjectConfigurationPlatforms) = postSolution
		{F535C355-ED1D-4431-82E1-46AF2F8799B5}.Debug|Any CPU.ActiveCfg = Debug|Any CPU
		{F535C355-ED1D-4431-82E1-46AF2F8799B5}.Debug|Any CPU.Build.0 = Debug|Any CPU
		{F535C355-ED1D-4431-82E1-46AF2F8799B5}.Release|Any CPU.ActiveCfg = Release|Any CPU
		{F535C355-ED1D-4431-82E1-46AF2F8799B5}.Release|Any CPU.Build.0 = Release|Any CPU
		{C3950598-4CAA-4C1F-A730-E3401A794CEB}.Debug|Any CPU.ActiveCfg = Debug|Any CPU
		{C3950598-4CAA-4C1F-A730-E3401A794CEB}.Debug|Any CPU.Build.0 = Debug|Any CPU
		{C3950598-4CAA-4C1F-A730-E3401A794CEB}.Release|Any CPU.ActiveCfg = Release|Any CPU
		{C3950598-4CAA-4C1F-A730-E3401A794CEB}.Release|Any CPU.Build.0 = Release|Any CPU
		{E4D6D144-4BFF-4BA5-825D-F3AF3F769BB2}.Debug|Any CPU.ActiveCfg = Debug|Any CPU
		{E4D6D144-4BFF-4BA5-825D-F3AF3F769BB2}.Debug|Any CPU.Build.0 = Debug|Any CPU
		{E4D6D144-4BFF-4BA5-825D-F3AF3F769BB2}.Release|Any CPU.ActiveCfg = Release|Any CPU
		{E4D6D144-4BFF-4BA5-825D-F3AF3F769BB2}.Release|Any CPU.Build.0 = Release|Any CPU
		{C534DB7F-8D5C-449B-BFCB-E18E1B2F6447}.Debug|Any CPU.ActiveCfg = Debug|Any CPU
		{C534DB7F-8D5C-449B-BFCB-E18E1B2F6447}.Debug|Any CPU.Build.0 = Debug|Any CPU
		{C534DB7F-8D5C-449B-BFCB-E18E1B2F6447}.Release|Any CPU.ActiveCfg = Release|Any CPU
		{C534DB7F-8D5C-449B-BFCB-E18E1B2F6447}.Release|Any CPU.Build.0 = Release|Any CPU
		{8A0DF047-53B9-400D-9508-0E8F8E3656D7}.Debug|Any CPU.ActiveCfg = Debug|Any CPU
		{8A0DF047-53B9-400D-9508-0E8F8E3656D7}.Debug|Any CPU.Build.0 = Debug|Any CPU
		{8A0DF047-53B9-400D-9508-0E8F8E3656D7}.Release|Any CPU.ActiveCfg = Release|Any CPU
		{8A0DF047-53B9-400D-9508-0E8F8E3656D7}.Release|Any CPU.Build.0 = Release|Any CPU
		{2FD685F0-CD9D-43C5-BDF9-2B4C5B55A1E0}.Debug|Any CPU.ActiveCfg = Debug|Any CPU
		{2FD685F0-CD9D-43C5-BDF9-2B4C5B55A1E0}.Debug|Any CPU.Build.0 = Debug|Any CPU
		{2FD685F0-CD9D-43C5-BDF9-2B4C5B55A1E0}.Release|Any CPU.ActiveCfg = Release|Any CPU
		{2FD685F0-CD9D-43C5-BDF9-2B4C5B55A1E0}.Release|Any CPU.Build.0 = Release|Any CPU
		{3F231D2A-68B2-4FBC-AB67-C4204CC8FFD9}.Debug|Any CPU.ActiveCfg = Debug|Any CPU
		{3F231D2A-68B2-4FBC-AB67-C4204CC8FFD9}.Debug|Any CPU.Build.0 = Debug|Any CPU
		{3F231D2A-68B2-4FBC-AB67-C4204CC8FFD9}.Release|Any CPU.ActiveCfg = Release|Any CPU
		{3F231D2A-68B2-4FBC-AB67-C4204CC8FFD9}.Release|Any CPU.Build.0 = Release|Any CPU
		{7279CBD8-01C1-4886-B6FB-4D334065759A}.Debug|Any CPU.ActiveCfg = Debug|Any CPU
		{7279CBD8-01C1-4886-B6FB-4D334065759A}.Debug|Any CPU.Build.0 = Debug|Any CPU
		{7279CBD8-01C1-4886-B6FB-4D334065759A}.Release|Any CPU.ActiveCfg = Release|Any CPU
		{7279CBD8-01C1-4886-B6FB-4D334065759A}.Release|Any CPU.Build.0 = Release|Any CPU
		{BBB1FB5B-F071-48C2-AC4C-DDB44F82E69E}.Debug|Any CPU.ActiveCfg = Debug|Any CPU
		{BBB1FB5B-F071-48C2-AC4C-DDB44F82E69E}.Debug|Any CPU.Build.0 = Debug|Any CPU
		{BBB1FB5B-F071-48C2-AC4C-DDB44F82E69E}.Release|Any CPU.ActiveCfg = Release|Any CPU
		{BBB1FB5B-F071-48C2-AC4C-DDB44F82E69E}.Release|Any CPU.Build.0 = Release|Any CPU
		{BD7F07CE-29A3-42D6-BE20-6404C6C4FB67}.Debug|Any CPU.ActiveCfg = Debug|Any CPU
		{BD7F07CE-29A3-42D6-BE20-6404C6C4FB67}.Debug|Any CPU.Build.0 = Debug|Any CPU
		{BD7F07CE-29A3-42D6-BE20-6404C6C4FB67}.Release|Any CPU.ActiveCfg = Release|Any CPU
		{BD7F07CE-29A3-42D6-BE20-6404C6C4FB67}.Release|Any CPU.Build.0 = Release|Any CPU
		{B2468373-ED99-4B1D-AC26-C96C6D0B4131}.Debug|Any CPU.ActiveCfg = Debug|Any CPU
		{B2468373-ED99-4B1D-AC26-C96C6D0B4131}.Debug|Any CPU.Build.0 = Debug|Any CPU
		{B2468373-ED99-4B1D-AC26-C96C6D0B4131}.Release|Any CPU.ActiveCfg = Release|Any CPU
		{B2468373-ED99-4B1D-AC26-C96C6D0B4131}.Release|Any CPU.Build.0 = Release|Any CPU
		{1728901F-F660-4348-AA6B-F413E6EC73A9}.Debug|Any CPU.ActiveCfg = Debug|Any CPU
		{1728901F-F660-4348-AA6B-F413E6EC73A9}.Debug|Any CPU.Build.0 = Debug|Any CPU
		{1728901F-F660-4348-AA6B-F413E6EC73A9}.Release|Any CPU.ActiveCfg = Release|Any CPU
		{1728901F-F660-4348-AA6B-F413E6EC73A9}.Release|Any CPU.Build.0 = Release|Any CPU
		{342C949D-8CC7-4A72-AC2F-F602DA02A4E6}.Debug|Any CPU.ActiveCfg = Debug|Any CPU
		{342C949D-8CC7-4A72-AC2F-F602DA02A4E6}.Debug|Any CPU.Build.0 = Debug|Any CPU
		{342C949D-8CC7-4A72-AC2F-F602DA02A4E6}.Release|Any CPU.ActiveCfg = Release|Any CPU
		{342C949D-8CC7-4A72-AC2F-F602DA02A4E6}.Release|Any CPU.Build.0 = Release|Any CPU
		{58EDA4CA-D95C-4167-BF99-4A2C6FADB099}.Debug|Any CPU.ActiveCfg = Debug|Any CPU
		{58EDA4CA-D95C-4167-BF99-4A2C6FADB099}.Debug|Any CPU.Build.0 = Debug|Any CPU
		{58EDA4CA-D95C-4167-BF99-4A2C6FADB099}.Release|Any CPU.ActiveCfg = Release|Any CPU
		{58EDA4CA-D95C-4167-BF99-4A2C6FADB099}.Release|Any CPU.Build.0 = Release|Any CPU
		{FD50995C-2AC5-4725-A1AC-8B78B605B84C}.Debug|Any CPU.ActiveCfg = Debug|Any CPU
		{FD50995C-2AC5-4725-A1AC-8B78B605B84C}.Debug|Any CPU.Build.0 = Debug|Any CPU
		{FD50995C-2AC5-4725-A1AC-8B78B605B84C}.Release|Any CPU.ActiveCfg = Release|Any CPU
		{FD50995C-2AC5-4725-A1AC-8B78B605B84C}.Release|Any CPU.Build.0 = Release|Any CPU
		{064B4E07-5E6C-4A92-B3B4-E47BA713528F}.Debug|Any CPU.ActiveCfg = Debug|Any CPU
		{064B4E07-5E6C-4A92-B3B4-E47BA713528F}.Debug|Any CPU.Build.0 = Debug|Any CPU
		{064B4E07-5E6C-4A92-B3B4-E47BA713528F}.Release|Any CPU.ActiveCfg = Release|Any CPU
		{064B4E07-5E6C-4A92-B3B4-E47BA713528F}.Release|Any CPU.Build.0 = Release|Any CPU
	EndGlobalSection
	GlobalSection(SolutionProperties) = preSolution
		HideSolutionNode = FALSE
	EndGlobalSection
EndGlobal
